Microsoft Visual Studio Solution File, Format Version 9.00
# Visual Studio 2005
Project("{8BC9CEB8-8B4A-11D0-8D11-00A0C91BC942}") = "DispSvr", "DispSvr.vcproj", "{96F6A8A7-0703-4675-A654-A90884F0C94A}"
	ProjectSection(ProjectDependencies) = postProject
		{E9609F65-7A84-4D6A-A218-5ED968B96F94} = {E9609F65-7A84-4D6A-A218-5ED968B96F94}
		{4E2A63A7-17E3-47FE-B0E9-0D7D12606EA7} = {4E2A63A7-17E3-47FE-B0E9-0D7D12606EA7}
		{1672BBBE-DB96-4BDD-839E-CE0D1906DCA3} = {1672BBBE-DB96-4BDD-839E-CE0D1906DCA3}
	EndProjectSection
EndProject
Project("{8BC9CEB8-8B4A-11D0-8D11-00A0C91BC942}") = "test", "test\test.vcproj", "{980AD976-38D4-45BC-A296-10C7F8CC2C28}"
EndProject
Project("{8BC9CEB8-8B4A-11D0-8D11-00A0C91BC942}") = "LibHijackDetect", "Imports\LibHijackDetect\LibHijackDetect.vcproj", "{1672BBBE-DB96-4BDD-839E-CE0D1906DCA3}"
EndProject
Project("{8BC9CEB8-8B4A-11D0-8D11-00A0C91BC942}") = "LibD3D", "Imports\LibD3D\LibD3D.vcproj", "{E9609F65-7A84-4D6A-A218-5ED968B96F94}"
EndProject
Project("{8BC9CEB8-8B4A-11D0-8D11-00A0C91BC942}") = "LibGPU", "Imports\LibGPU\LibGPU.vcproj", "{4E2A63A7-17E3-47FE-B0E9-0D7D12606EA7}"
EndProject
Project("{8BC9CEB8-8B4A-11D0-8D11-00A0C91BC942}") = "DispSvrVideoProcessorCaps", "DispSvrVideoProcessorCaps\DispSvrVideoProcessorCaps.vcproj", "{F42B13AB-ABA5-49E6-8E33-3FF674F4271D}"
EndProject
Project("{2150E333-8FDC-42A3-9474-1A3956D46DE8}") = "Test Apps", "Test Apps", "{0A314615-7CB8-42C8-9C4E-ECED1182BB80}"
EndProject
Project("{2150E333-8FDC-42A3-9474-1A3956D46DE8}") = "Video Effects", "Video Effects", "{48A7B3F7-BBE4-4A07-A2A9-6FA3D141E72B}"
EndProject
Project("{8BC9CEB8-8B4A-11D0-8D11-00A0C91BC942}") = "For3D", "VideoEffect3D\For3D\For3D.vcproj", "{698F719A-7AF0-442E-9D62-32542165D365}"
EndProject
Project("{8BC9CEB8-8B4A-11D0-8D11-00A0C91BC942}") = "DispSvrVideoEffectProbe", "DispSvrVideoEffectProbe\DispSvrVideoEffectProbe.vcproj", "{B887F9E7-63C8-42D8-B3EC-2D7CACAC7ACE}"
EndProject
Project("{8BC9CEB8-8B4A-11D0-8D11-00A0C91BC942}") = "Upscale", "VideoEffect3D\Upscale\Upscale.vcproj", "{3F491DDD-CF23-4F60-92FB-567FEA70238D}"
EndProject
Global
	GlobalSection(SolutionConfigurationPlatforms) = preSolution
		Debug D3D|Win32 = Debug D3D|Win32
		Debug_Unicode|Win32 = Debug_Unicode|Win32
		Debug|Win32 = Debug|Win32
		HotFix|Win32 = HotFix|Win32
		Release_Unicode|Win32 = Release_Unicode|Win32
		Release|Win32 = Release|Win32
	EndGlobalSection
	GlobalSection(ProjectConfigurationPlatforms) = postSolution
		{96F6A8A7-0703-4675-A654-A90884F0C94A}.Debug D3D|Win32.ActiveCfg = Debug D3D|Win32
		{96F6A8A7-0703-4675-A654-A90884F0C94A}.Debug D3D|Win32.Build.0 = Debug D3D|Win32
		{96F6A8A7-0703-4675-A654-A90884F0C94A}.Debug_Unicode|Win32.ActiveCfg = Debug_Unicode|Win32
		{96F6A8A7-0703-4675-A654-A90884F0C94A}.Debug_Unicode|Win32.Build.0 = Debug_Unicode|Win32
		{96F6A8A7-0703-4675-A654-A90884F0C94A}.Debug|Win32.ActiveCfg = Debug|Win32
		{96F6A8A7-0703-4675-A654-A90884F0C94A}.Debug|Win32.Build.0 = Debug|Win32
		{96F6A8A7-0703-4675-A654-A90884F0C94A}.HotFix|Win32.ActiveCfg = HotFix|Win32
		{96F6A8A7-0703-4675-A654-A90884F0C94A}.HotFix|Win32.Build.0 = HotFix|Win32
		{96F6A8A7-0703-4675-A654-A90884F0C94A}.Release_Unicode|Win32.ActiveCfg = Release_Unicode|Win32
		{96F6A8A7-0703-4675-A654-A90884F0C94A}.Release_Unicode|Win32.Build.0 = Release_Unicode|Win32
		{96F6A8A7-0703-4675-A654-A90884F0C94A}.Release|Win32.ActiveCfg = Release|Win32
		{96F6A8A7-0703-4675-A654-A90884F0C94A}.Release|Win32.Build.0 = Release|Win32
		{980AD976-38D4-45BC-A296-10C7F8CC2C28}.Debug D3D|Win32.ActiveCfg = Debug|Win32
		{980AD976-38D4-45BC-A296-10C7F8CC2C28}.Debug D3D|Win32.Build.0 = Debug|Win32
		{980AD976-38D4-45BC-A296-10C7F8CC2C28}.Debug_Unicode|Win32.ActiveCfg = Debug_Unicode|Win32
		{980AD976-38D4-45BC-A296-10C7F8CC2C28}.Debug_Unicode|Win32.Build.0 = Debug_Unicode|Win32
		{980AD976-38D4-45BC-A296-10C7F8CC2C28}.Debug|Win32.ActiveCfg = Debug|Win32
		{980AD976-38D4-45BC-A296-10C7F8CC2C28}.Debug|Win32.Build.0 = Debug|Win32
		{980AD976-38D4-45BC-A296-10C7F8CC2C28}.HotFix|Win32.ActiveCfg = Release|Win32
		{980AD976-38D4-45BC-A296-10C7F8CC2C28}.HotFix|Win32.Build.0 = Release|Win32
		{980AD976-38D4-45BC-A296-10C7F8CC2C28}.Release_Unicode|Win32.ActiveCfg = Release_Unicode|Win32
		{980AD976-38D4-45BC-A296-10C7F8CC2C28}.Release_Unicode|Win32.Build.0 = Release_Unicode|Win32
		{980AD976-38D4-45BC-A296-10C7F8CC2C28}.Release|Win32.ActiveCfg = Release|Win32
		{980AD976-38D4-45BC-A296-10C7F8CC2C28}.Release|Win32.Build.0 = Release|Win32
		{1672BBBE-DB96-4BDD-839E-CE0D1906DCA3}.Debug D3D|Win32.ActiveCfg = Debug|Win32
		{1672BBBE-DB96-4BDD-839E-CE0D1906DCA3}.Debug D3D|Win32.Build.0 = Debug|Win32
		{1672BBBE-DB96-4BDD-839E-CE0D1906DCA3}.Debug_Unicode|Win32.ActiveCfg = Debug_Unicode|Win32
		{1672BBBE-DB96-4BDD-839E-CE0D1906DCA3}.Debug_Unicode|Win32.Build.0 = Debug_Unicode|Win32
		{1672BBBE-DB96-4BDD-839E-CE0D1906DCA3}.Debug|Win32.ActiveCfg = Debug|Win32
		{1672BBBE-DB96-4BDD-839E-CE0D1906DCA3}.Debug|Win32.Build.0 = Debug|Win32
		{1672BBBE-DB96-4BDD-839E-CE0D1906DCA3}.HotFix|Win32.ActiveCfg = Release|Win32
		{1672BBBE-DB96-4BDD-839E-CE0D1906DCA3}.HotFix|Win32.Build.0 = Release|Win32
		{1672BBBE-DB96-4BDD-839E-CE0D1906DCA3}.Release_Unicode|Win32.ActiveCfg = Release_Unicode|Win32
		{1672BBBE-DB96-4BDD-839E-CE0D1906DCA3}.Release_Unicode|Win32.Build.0 = Release_Unicode|Win32
		{1672BBBE-DB96-4BDD-839E-CE0D1906DCA3}.Release|Win32.ActiveCfg = Release|Win32
		{1672BBBE-DB96-4BDD-839E-CE0D1906DCA3}.Release|Win32.Build.0 = Release|Win32
		{E9609F65-7A84-4D6A-A218-5ED968B96F94}.Debug D3D|Win32.ActiveCfg = Debug|Win32
		{E9609F65-7A84-4D6A-A218-5ED968B96F94}.Debug D3D|Win32.Build.0 = Debug|Win32
		{E9609F65-7A84-4D6A-A218-5ED968B96F94}.Debug_Unicode|Win32.ActiveCfg = Debug_Unicode|Win32
		{E9609F65-7A84-4D6A-A218-5ED968B96F94}.Debug_Unicode|Win32.Build.0 = Debug_Unicode|Win32
		{E9609F65-7A84-4D6A-A218-5ED968B96F94}.Debug|Win32.ActiveCfg = Debug|Win32
		{E9609F65-7A84-4D6A-A218-5ED968B96F94}.Debug|Win32.Build.0 = Debug|Win32
		{E9609F65-7A84-4D6A-A218-5ED968B96F94}.HotFix|Win32.ActiveCfg = Release|Win32
		{E9609F65-7A84-4D6A-A218-5ED968B96F94}.HotFix|Win32.Build.0 = Release|Win32
		{E9609F65-7A84-4D6A-A218-5ED968B96F94}.Release_Unicode|Win32.ActiveCfg = Release_Unicode|Win32
		{E9609F65-7A84-4D6A-A218-5ED968B96F94}.Release_Unicode|Win32.Build.0 = Release_Unicode|Win32
		{E9609F65-7A84-4D6A-A218-5ED968B96F94}.Release|Win32.ActiveCfg = Release|Win32
		{E9609F65-7A84-4D6A-A218-5ED968B96F94}.Release|Win32.Build.0 = Release|Win32
		{4E2A63A7-17E3-47FE-B0E9-0D7D12606EA7}.Debug D3D|Win32.ActiveCfg = Debug|Win32
		{4E2A63A7-17E3-47FE-B0E9-0D7D12606EA7}.Debug D3D|Win32.Build.0 = Debug|Win32
		{4E2A63A7-17E3-47FE-B0E9-0D7D12606EA7}.Debug_Unicode|Win32.ActiveCfg = Debug_Unicode|Win32
		{4E2A63A7-17E3-47FE-B0E9-0D7D12606EA7}.Debug_Unicode|Win32.Build.0 = Debug_Unicode|Win32
		{4E2A63A7-17E3-47FE-B0E9-0D7D12606EA7}.Debug|Win32.ActiveCfg = Debug|Win32
		{4E2A63A7-17E3-47FE-B0E9-0D7D12606EA7}.Debug|Win32.Build.0 = Debug|Win32
		{4E2A63A7-17E3-47FE-B0E9-0D7D12606EA7}.HotFix|Win32.ActiveCfg = Release|Win32
		{4E2A63A7-17E3-47FE-B0E9-0D7D12606EA7}.HotFix|Win32.Build.0 = Release|Win32
		{4E2A63A7-17E3-47FE-B0E9-0D7D12606EA7}.Release_Unicode|Win32.ActiveCfg = Release_Unicode|Win32
		{4E2A63A7-17E3-47FE-B0E9-0D7D12606EA7}.Release_Unicode|Win32.Build.0 = Release_Unicode|Win32
		{4E2A63A7-17E3-47FE-B0E9-0D7D12606EA7}.Release|Win32.ActiveCfg = Release|Win32
		{4E2A63A7-17E3-47FE-B0E9-0D7D12606EA7}.Release|Win32.Build.0 = Release|Win32
		{F42B13AB-ABA5-49E6-8E33-3FF674F4271D}.Debug D3D|Win32.ActiveCfg = Debug|Win32
		{F42B13AB-ABA5-49E6-8E33-3FF674F4271D}.Debug D3D|Win32.Build.0 = Debug|Win32
		{F42B13AB-ABA5-49E6-8E33-3FF674F4271D}.Debug_Unicode|Win32.ActiveCfg = Debug|Win32
		{F42B13AB-ABA5-49E6-8E33-3FF674F4271D}.Debug_Unicode|Win32.Build.0 = Debug|Win32
		{F42B13AB-ABA5-49E6-8E33-3FF674F4271D}.Debug|Win32.ActiveCfg = Debug|Win32
		{F42B13AB-ABA5-49E6-8E33-3FF674F4271D}.Debug|Win32.Build.0 = Debug|Win32
		{F42B13AB-ABA5-49E6-8E33-3FF674F4271D}.HotFix|Win32.ActiveCfg = Release|Win32
		{F42B13AB-ABA5-49E6-8E33-3FF674F4271D}.HotFix|Win32.Build.0 = Release|Win32
		{F42B13AB-ABA5-49E6-8E33-3FF674F4271D}.Release_Unicode|Win32.ActiveCfg = Release|Win32
		{F42B13AB-ABA5-49E6-8E33-3FF674F4271D}.Release_Unicode|Win32.Build.0 = Release|Win32
		{F42B13AB-ABA5-49E6-8E33-3FF674F4271D}.Release|Win32.ActiveCfg = Release|Win32
		{F42B13AB-ABA5-49E6-8E33-3FF674F4271D}.Release|Win32.Build.0 = Release|Win32
		{698F719A-7AF0-442E-9D62-32542165D365}.Debug D3D|Win32.ActiveCfg = Debug|Win32
		{698F719A-7AF0-442E-9D62-32542165D365}.Debug D3D|Win32.Build.0 = Debug|Win32
		{698F719A-7AF0-442E-9D62-32542165D365}.Debug_Unicode|Win32.ActiveCfg = Debug|Win32
		{698F719A-7AF0-442E-9D62-32542165D365}.Debug_Unicode|Win32.Build.0 = Debug|Win32
		{698F719A-7AF0-442E-9D62-32542165D365}.Debug|Win32.ActiveCfg = Debug|Win32
		{698F719A-7AF0-442E-9D62-32542165D365}.Debug|Win32.Build.0 = Debug|Win32
		{698F719A-7AF0-442E-9D62-32542165D365}.HotFix|Win32.ActiveCfg = Release|Win32
		{698F719A-7AF0-442E-9D62-32542165D365}.HotFix|Win32.Build.0 = Release|Win32
		{698F719A-7AF0-442E-9D62-32542165D365}.Release_Unicode|Win32.ActiveCfg = Release|Win32
		{698F719A-7AF0-442E-9D62-32542165D365}.Release_Unicode|Win32.Build.0 = Release|Win32
		{698F719A-7AF0-442E-9D62-32542165D365}.Release|Win32.ActiveCfg = Release|Win32
		{698F719A-7AF0-442E-9D62-32542165D365}.Release|Win32.Build.0 = Release|Win32
		{B887F9E7-63C8-42D8-B3EC-2D7CACAC7ACE}.Debug D3D|Win32.ActiveCfg = Debug|Win32
		{B887F9E7-63C8-42D8-B3EC-2D7CACAC7ACE}.Debug D3D|Win32.Build.0 = Debug|Win32
		{B887F9E7-63C8-42D8-B3EC-2D7CACAC7ACE}.Debug_Unicode|Win32.ActiveCfg = Debug|Win32
		{B887F9E7-63C8-42D8-B3EC-2D7CACAC7ACE}.Debug_Unicode|Win32.Build.0 = Debug|Win32
		{B887F9E7-63C8-42D8-B3EC-2D7CACAC7ACE}.Debug|Win32.ActiveCfg = Debug|Win32
		{B887F9E7-63C8-42D8-B3EC-2D7CACAC7ACE}.Debug|Win32.Build.0 = Debug|Win32
		{B887F9E7-63C8-42D8-B3EC-2D7CACAC7ACE}.HotFix|Win32.ActiveCfg = Release|Win32
		{B887F9E7-63C8-42D8-B3EC-2D7CACAC7ACE}.HotFix|Win32.Build.0 = Release|Win32
		{B887F9E7-63C8-42D8-B3EC-2D7CACAC7ACE}.Release_Unicode|Win32.ActiveCfg = Release|Win32
		{B887F9E7-63C8-42D8-B3EC-2D7CACAC7ACE}.Release_Unicode|Win32.Build.0 = Release|Win32
		{B887F9E7-63C8-42D8-B3EC-2D7CACAC7ACE}.Release|Win32.ActiveCfg = Release|Win32
		{B887F9E7-63C8-42D8-B3EC-2D7CACAC7ACE}.Release|Win32.Build.0 = Release|Win32
		{3F491DDD-CF23-4F60-92FB-567FEA70238D}.Debug D3D|Win32.ActiveCfg = Debug|Win32
		{3F491DDD-CF23-4F60-92FB-567FEA70238D}.Debug D3D|Win32.Build.0 = Debug|Win32
		{3F491DDD-CF23-4F60-92FB-567FEA70238D}.Debug_Unicode|Win32.ActiveCfg = Debug|Win32
		{3F491DDD-CF23-4F60-92FB-567FEA70238D}.Debug_Unicode|Win32.Build.0 = Debug|Win32
		{3F491DDD-CF23-4F60-92FB-567FEA70238D}.Debug|Win32.ActiveCfg = Debug|Win32
		{3F491DDD-CF23-4F60-92FB-567FEA70238D}.Debug|Win32.Build.0 = Debug|Win32
		{3F491DDD-CF23-4F60-92FB-567FEA70238D}.HotFix|Win32.ActiveCfg = Release|Win32
		{3F491DDD-CF23-4F60-92FB-567FEA70238D}.HotFix|Win32.Build.0 = Release|Win32
		{3F491DDD-CF23-4F60-92FB-567FEA70238D}.Release_Unicode|Win32.ActiveCfg = Release|Win32
		{3F491DDD-CF23-4F60-92FB-567FEA70238D}.Release_Unicode|Win32.Build.0 = Release|Win32
		{3F491DDD-CF23-4F60-92FB-567FEA70238D}.Release|Win32.ActiveCfg = Release|Win32
		{3F491DDD-CF23-4F60-92FB-567FEA70238D}.Release|Win32.Build.0 = Release|Win32
	EndGlobalSection
	GlobalSection(SolutionProperties) = preSolution
		HideSolutionNode = FALSE
	EndGlobalSection
	GlobalSection(NestedProjects) = preSolution
		{F42B13AB-ABA5-49E6-8E33-3FF674F4271D} = {0A314615-7CB8-42C8-9C4E-ECED1182BB80}
		{980AD976-38D4-45BC-A296-10C7F8CC2C28} = {0A314615-7CB8-42C8-9C4E-ECED1182BB80}
		{B887F9E7-63C8-42D8-B3EC-2D7CACAC7ACE} = {0A314615-7CB8-42C8-9C4E-ECED1182BB80}
		{698F719A-7AF0-442E-9D62-32542165D365} = {48A7B3F7-BBE4-4A07-A2A9-6FA3D141E72B}
		{3F491DDD-CF23-4F60-92FB-567FEA70238D} = {48A7B3F7-BBE4-4A07-A2A9-6FA3D141E72B}
	EndGlobalSection
EndGlobal
